
Microsoft Visual Studio Solution File, Format Version 12.00
# Visual Studio Version 17
VisualStudioVersion = 17.14.35821.62
MinimumVisualStudioVersion = 10.0.40219.1
Project("{FAE04EC0-301F-11D3-BF4B-00C04F79EFBC}") = "01GraphQLHelloWorld", "01GraphQLHelloWorld\01GraphQLHelloWorld.csproj", "{90E3F52B-537E-442D-B725-63099E1B4617}"
EndProject
Project("{FAE04EC0-301F-11D3-BF4B-00C04F79EFBC}") = "02GraphQLDocumentsAndMetaData", "02GraphQLDocumentsAndMetaData\02GraphQLDocumentsAndMetaData.csproj", "{2E42BB8F-C87F-4DCF-9911-BC83DB63D635}"
EndProject
Project("{FAE04EC0-301F-11D3-BF4B-00C04F79EFBC}") = "03GraphQLDocumentsSortingOrdering", "03GraphQLDocumentsSortingOrdering\03GraphQLDocumentsSortingOrdering.csproj", "{DD170059-6C4E-0959-0E16-3C94045757A8}"
EndProject
Project("{FAE04EC0-301F-11D3-BF4B-00C04F79EFBC}") = "04GraphQLDocumentsWithDapper", "04GraphQLDocumentsWithDapper\04GraphQLDocumentsWithDapper.csproj", "{9BA29CF2-1DA3-4F4B-BB51-EE57DAC87C81}"
EndProject
Project("{FAE04EC0-301F-11D3-BF4B-00C04F79EFBC}") = "05GraphQLDocumentGateWayForRestAPI", "05GraphQLDocumentGateWayForRestAPI\05GraphQLDocumentGateWayForRestAPI.csproj", "{4A34F0B1-F32D-4F1C-8AFF-FC704E9EA055}"
EndProject
Project("{2150E333-8FDC-42A3-9474-1A3956D46DE8}") = "05GraphQL_DocumentGateWayForRestAPI", "05GraphQL_DocumentGateWayForRestAPI", "{02EA681E-C7D8-13C7-8484-4AC65E1B71E8}"
EndProject
Project("{FAE04EC0-301F-11D3-BF4B-00C04F79EFBC}") = "05RestAPIDocumentViews", "05RestAPIDocumentViews\05RestAPIDocumentViews.csproj", "{E561BFC9-93FF-45FC-BE40-AB5827D3E375}"
EndProject
Project("{2150E333-8FDC-42A3-9474-1A3956D46DE8}") = "01GraphQL_HelloWorld", "01GraphQL_HelloWorld", "{091AA114-6AB4-4498-83B2-C1DD91DD8886}"
EndProject
Project("{2150E333-8FDC-42A3-9474-1A3956D46DE8}") = "02GraphQL_EFCoreUnCompleted", "02GraphQL_EFCoreUnCompleted", "{EF97A01C-D158-45F6-9E46-00E5464424BB}"
EndProject
Project("{2150E333-8FDC-42A3-9474-1A3956D46DE8}") = "03GraphQL_EFCoreCompleted", "03GraphQL_EFCoreCompleted", "{12FA97AA-F8B8-4C42-9974-07985959E427}"
EndProject
Project("{2150E333-8FDC-42A3-9474-1A3956D46DE8}") = "04GraphQL_DapperFailedExample", "04GraphQL_DapperFailedExample", "{972DEC60-958D-4C67-B69F-8E1ED8A3F514}"
EndProject
Project("{2150E333-8FDC-42A3-9474-1A3956D46DE8}") = "06GraphQL_DocumentDataLoader", "06GraphQL_DocumentDataLoader", "{99CEB629-D2BC-40D8-A159-D4CC4924182E}"
EndProject
Project("{FAE04EC0-301F-11D3-BF4B-00C04F79EFBC}") = "06GraphQLDocumentDataLoader", "06GraphQLDocumentDataLoader\06GraphQLDocumentDataLoader.csproj", "{A6D2AC0B-6F95-4608-B7EC-5759622F6E1E}"
EndProject
Project("{2150E333-8FDC-42A3-9474-1A3956D46DE8}") = "07GraphQL_Mutation", "07GraphQL_Mutation", "{B3ADE1BB-9A93-4084-8408-26D959C5C2D7}"
EndProject
Project("{FAE04EC0-301F-11D3-BF4B-00C04F79EFBC}") = "07GraphQLMutations", "07GraphQLMutations\07GraphQLMutations.csproj", "{AF490790-B58C-4176-8871-E69248CCF845}"
EndProject
Project("{2150E333-8FDC-42A3-9474-1A3956D46DE8}") = "08GraphQL_Subs", "08GraphQL_Subs", "{70161EC0-5FEE-4B94-A046-947BD31C03F8}"
EndProject
Project("{FAE04EC0-301F-11D3-BF4B-00C04F79EFBC}") = "08GraphQLSubscriptions", "08GraphQLSubscriptions\08GraphQLSubscriptions.csproj", "{B52833C1-8721-40B2-971D-6FFF8555BAC6}"
EndProject
Project("{2150E333-8FDC-42A3-9474-1A3956D46DE8}") = "9_GraphQL_DeferAndStream", "9_GraphQL_DeferAndStream", "{61B2F237-78FC-4431-8F8F-641F08614514}"
EndProject
Project("{FAE04EC0-301F-11D3-BF4B-00C04F79EFBC}") = "9GraphQLDemoOfDeferAndStream.QueriesAndTypes", "9GraphQLDemoOfDeferAndStream.QueriesAndTypes\9GraphQLDemoOfDeferAndStream.QueriesAndTypes.csproj", "{5A355ECA-E379-4C7D-AC93-63414D21CB59}"
EndProject
Project("{FAE04EC0-301F-11D3-BF4B-00C04F79EFBC}") = "9GraphQLDemoOfDeferAndStream.Console", "9GraphQLDemoOfDeferAndStream.Console\9GraphQLDemoOfDeferAndStream.Console.csproj", "{54C37D36-2E8F-4206-98A5-90530A78B298}"
EndProject
Project("{FAE04EC0-301F-11D3-BF4B-00C04F79EFBC}") = "9GraphQLDemoOfDeferAndStream.ASPNET", "9GraphQLDemoOfDeferAndStream.ASPNET\9GraphQLDemoOfDeferAndStream.ASPNET.csproj", "{1CB92048-DB3A-463D-81CE-4E4C02ABDEE5}"
EndProject
Global
	GlobalSection(SolutionConfigurationPlatforms) = preSolution
		Debug|Any CPU = Debug|Any CPU
		Release|Any CPU = Release|Any CPU
	EndGlobalSection
	GlobalSection(ProjectConfigurationPlatforms) = postSolution
		{90E3F52B-537E-442D-B725-63099E1B4617}.Debug|Any CPU.ActiveCfg = Debug|Any CPU
		{90E3F52B-537E-442D-B725-63099E1B4617}.Debug|Any CPU.Build.0 = Debug|Any CPU
		{90E3F52B-537E-442D-B725-63099E1B4617}.Release|Any CPU.ActiveCfg = Release|Any CPU
		{90E3F52B-537E-442D-B725-63099E1B4617}.Release|Any CPU.Build.0 = Release|Any CPU
		{2E42BB8F-C87F-4DCF-9911-BC83DB63D635}.Debug|Any CPU.ActiveCfg = Debug|Any CPU
		{2E42BB8F-C87F-4DCF-9911-BC83DB63D635}.Debug|Any CPU.Build.0 = Debug|Any CPU
		{2E42BB8F-C87F-4DCF-9911-BC83DB63D635}.Release|Any CPU.ActiveCfg = Release|Any CPU
		{2E42BB8F-C87F-4DCF-9911-BC83DB63D635}.Release|Any CPU.Build.0 = Release|Any CPU
		{DD170059-6C4E-0959-0E16-3C94045757A8}.Debug|Any CPU.ActiveCfg = Debug|Any CPU
		{DD170059-6C4E-0959-0E16-3C94045757A8}.Debug|Any CPU.Build.0 = Debug|Any CPU
		{DD170059-6C4E-0959-0E16-3C94045757A8}.Release|Any CPU.ActiveCfg = Release|Any CPU
		{DD170059-6C4E-0959-0E16-3C94045757A8}.Release|Any CPU.Build.0 = Release|Any CPU
		{9BA29CF2-1DA3-4F4B-BB51-EE57DAC87C81}.Debug|Any CPU.ActiveCfg = Debug|Any CPU
		{9BA29CF2-1DA3-4F4B-BB51-EE57DAC87C81}.Debug|Any CPU.Build.0 = Debug|Any CPU
		{9BA29CF2-1DA3-4F4B-BB51-EE57DAC87C81}.Release|Any CPU.ActiveCfg = Release|Any CPU
		{9BA29CF2-1DA3-4F4B-BB51-EE57DAC87C81}.Release|Any CPU.Build.0 = Release|Any CPU
		{4A34F0B1-F32D-4F1C-8AFF-FC704E9EA055}.Debug|Any CPU.ActiveCfg = Debug|Any CPU
		{4A34F0B1-F32D-4F1C-8AFF-FC704E9EA055}.Debug|Any CPU.Build.0 = Debug|Any CPU
		{4A34F0B1-F32D-4F1C-8AFF-FC704E9EA055}.Release|Any CPU.ActiveCfg = Release|Any CPU
		{4A34F0B1-F32D-4F1C-8AFF-FC704E9EA055}.Release|Any CPU.Build.0 = Release|Any CPU
		{E561BFC9-93FF-45FC-BE40-AB5827D3E375}.Debug|Any CPU.ActiveCfg = Debug|Any CPU
		{E561BFC9-93FF-45FC-BE40-AB5827D3E375}.Debug|Any CPU.Build.0 = Debug|Any CPU
		{E561BFC9-93FF-45FC-BE40-AB5827D3E375}.Release|Any CPU.ActiveCfg = Release|Any CPU
		{E561BFC9-93FF-45FC-BE40-AB5827D3E375}.Release|Any CPU.Build.0 = Release|Any CPU
		{A6D2AC0B-6F95-4608-B7EC-5759622F6E1E}.Debug|Any CPU.ActiveCfg = Debug|Any CPU
		{A6D2AC0B-6F95-4608-B7EC-5759622F6E1E}.Debug|Any CPU.Build.0 = Debug|Any CPU
		{A6D2AC0B-6F95-4608-B7EC-5759622F6E1E}.Release|Any CPU.ActiveCfg = Release|Any CPU
		{A6D2AC0B-6F95-4608-B7EC-5759622F6E1E}.Release|Any CPU.Build.0 = Release|Any CPU
		{AF490790-B58C-4176-8871-E69248CCF845}.Debug|Any CPU.ActiveCfg = Debug|Any CPU
		{AF490790-B58C-4176-8871-E69248CCF845}.Debug|Any CPU.Build.0 = Debug|Any CPU
		{AF490790-B58C-4176-8871-E69248CCF845}.Release|Any CPU.ActiveCfg = Release|Any CPU
		{AF490790-B58C-4176-8871-E69248CCF845}.Release|Any CPU.Build.0 = Release|Any CPU
		{B52833C1-8721-40B2-971D-6FFF8555BAC6}.Debug|Any CPU.ActiveCfg = Debug|Any CPU
		{B52833C1-8721-40B2-971D-6FFF8555BAC6}.Debug|Any CPU.Build.0 = Debug|Any CPU
		{B52833C1-8721-40B2-971D-6FFF8555BAC6}.Release|Any CPU.ActiveCfg = Release|Any CPU
		{B52833C1-8721-40B2-971D-6FFF8555BAC6}.Release|Any CPU.Build.0 = Release|Any CPU
		{5A355ECA-E379-4C7D-AC93-63414D21CB59}.Debug|Any CPU.ActiveCfg = Debug|Any CPU
		{5A355ECA-E379-4C7D-AC93-63414D21CB59}.Debug|Any CPU.Build.0 = Debug|Any CPU
		{5A355ECA-E379-4C7D-AC93-63414D21CB59}.Release|Any CPU.ActiveCfg = Release|Any CPU
		{5A355ECA-E379-4C7D-AC93-63414D21CB59}.Release|Any CPU.Build.0 = Release|Any CPU
		{54C37D36-2E8F-4206-98A5-90530A78B298}.Debug|Any CPU.ActiveCfg = Debug|Any CPU
		{54C37D36-2E8F-4206-98A5-90530A78B298}.Debug|Any CPU.Build.0 = Debug|Any CPU
		{54C37D36-2E8F-4206-98A5-90530A78B298}.Release|Any CPU.ActiveCfg = Release|Any CPU
		{54C37D36-2E8F-4206-98A5-90530A78B298}.Release|Any CPU.Build.0 = Release|Any CPU
		{1CB92048-DB3A-463D-81CE-4E4C02ABDEE5}.Debug|Any CPU.ActiveCfg = Debug|Any CPU
		{1CB92048-DB3A-463D-81CE-4E4C02ABDEE5}.Debug|Any CPU.Build.0 = Debug|Any CPU
		{1CB92048-DB3A-463D-81CE-4E4C02ABDEE5}.Release|Any CPU.ActiveCfg = Release|Any CPU
		{1CB92048-DB3A-463D-81CE-4E4C02ABDEE5}.Release|Any CPU.Build.0 = Release|Any CPU
	EndGlobalSection
	GlobalSection(SolutionProperties) = preSolution
		HideSolutionNode = FALSE
	EndGlobalSection
	GlobalSection(NestedProjects) = preSolution
		{90E3F52B-537E-442D-B725-63099E1B4617} = {091AA114-6AB4-4498-83B2-C1DD91DD8886}
		{2E42BB8F-C87F-4DCF-9911-BC83DB63D635} = {EF97A01C-D158-45F6-9E46-00E5464424BB}
		{DD170059-6C4E-0959-0E16-3C94045757A8} = {12FA97AA-F8B8-4C42-9974-07985959E427}
		{9BA29CF2-1DA3-4F4B-BB51-EE57DAC87C81} = {972DEC60-958D-4C67-B69F-8E1ED8A3F514}
		{4A34F0B1-F32D-4F1C-8AFF-FC704E9EA055} = {02EA681E-C7D8-13C7-8484-4AC65E1B71E8}
		{E561BFC9-93FF-45FC-BE40-AB5827D3E375} = {02EA681E-C7D8-13C7-8484-4AC65E1B71E8}
		{A6D2AC0B-6F95-4608-B7EC-5759622F6E1E} = {99CEB629-D2BC-40D8-A159-D4CC4924182E}
		{AF490790-B58C-4176-8871-E69248CCF845} = {B3ADE1BB-9A93-4084-8408-26D959C5C2D7}
		{B52833C1-8721-40B2-971D-6FFF8555BAC6} = {70161EC0-5FEE-4B94-A046-947BD31C03F8}
		{5A355ECA-E379-4C7D-AC93-63414D21CB59} = {61B2F237-78FC-4431-8F8F-641F08614514}
		{54C37D36-2E8F-4206-98A5-90530A78B298} = {61B2F237-78FC-4431-8F8F-641F08614514}
		{1CB92048-DB3A-463D-81CE-4E4C02ABDEE5} = {61B2F237-78FC-4431-8F8F-641F08614514}
	EndGlobalSection
	GlobalSection(ExtensibilityGlobals) = postSolution
		SolutionGuid = {9E5ABCC0-5DBB-45A5-B820-4F3BD537F3F1}
	EndGlobalSection
EndGlobal
